
Microsoft Visual Studio Solution File, Format Version 12.00
# Visual Studio Version 17
VisualStudioVersion = 17.11.35312.102
MinimumVisualStudioVersion = 10.0.40219.1
Project("{8BC9CEB8-8B4A-11D0-8D11-00A0C91BC942}") = "Sandbox", "Sandbox\Sandbox.vcxproj", "{C033FA5E-0E15-4D5A-9BD1-76996D07B959}"
EndProject
Project("{8BC9CEB8-8B4A-11D0-8D11-00A0C91BC942}") = "Bamboo", "Bamboo\Bamboo.vcxproj", "{AC27AC93-24B2-4F38-8E43-71C64D3CC35D}"
EndProject
Global
	GlobalSection(SolutionConfigurationPlatforms) = preSolution
		Debug|x64 = Debug|x64
		Debug|x86 = Debug|x86
		Release|x64 = Release|x64
		Release|x86 = Release|x86
	EndGlobalSection
	GlobalSection(ProjectConfigurationPlatforms) = postSolution
		{C033FA5E-0E15-4D5A-9BD1-76996D07B959}.Debug|x64.ActiveCfg = Debug|x64
		{C033FA5E-0E15-4D5A-9BD1-76996D07B959}.Debug|x64.Build.0 = Debug|x64
		{C033FA5E-0E15-4D5A-9BD1-76996D07B959}.Debug|x86.ActiveCfg = Debug|Win32
		{C033FA5E-0E15-4D5A-9BD1-76996D07B959}.Debug|x86.Build.0 = Debug|Win32
		{C033FA5E-0E15-4D5A-9BD1-76996D07B959}.Release|x64.ActiveCfg = Release|x64
		{C033FA5E-0E15-4D5A-9BD1-76996D07B959}.Release|x64.Build.0 = Release|x64
		{C033FA5E-0E15-4D5A-9BD1-76996D07B959}.Release|x86.ActiveCfg = Release|Win32
		{C033FA5E-0E15-4D5A-9BD1-76996D07B959}.Release|x86.Build.0 = Release|Win32
		{AC27AC93-24B2-4F38-8E43-71C64D3CC35D}.Debug|x64.ActiveCfg = Debug|x64
		{AC27AC93-24B2-4F38-8E43-71C64D3CC35D}.Debug|x64.Build.0 = Debug|x64
		{AC27AC93-24B2-4F38-8E43-71C64D3CC35D}.Debug|x86.ActiveCfg = Debug|Win32
		{AC27AC93-24B2-4F38-8E43-71C64D3CC35D}.Debug|x86.Build.0 = Debug|Win32
		{AC27AC93-24B2-4F38-8E43-71C64D3CC35D}.Release|x64.ActiveCfg = Release|x64
		{AC27AC93-24B2-4F38-8E43-71C64D3CC35D}.Release|x64.Build.0 = Release|x64
		{AC27AC93-24B2-4F38-8E43-71C64D3CC35D}.Release|x86.ActiveCfg = Release|Win32
		{AC27AC93-24B2-4F38-8E43-71C64D3CC35D}.Release|x86.Build.0 = Release|Win32
	EndGlobalSection
	GlobalSection(SolutionProperties) = preSolution
		HideSolutionNode = FALSE
	EndGlobalSection
	GlobalSection(ExtensibilityGlobals) = postSolution
		SolutionGuid = {D77B6936-E9B0-4B72-886B-596A1E4E266C}
	EndGlobalSection
EndGlobal
