<?xml version="1.0" encoding="utf-8"?>
<Project ToolsVersion="4.0" xmlns="http://schemas.microsoft.com/developer/msbuild/2003">
  <ItemGroup>
    <Filter Include="Bamboo">
      <UniqueIdentifier>{153CECA8-01DE-167F-EA98-2AD3D6D99DCF}</UniqueIdentifier>
    </Filter>
    <Filter Include="Bamboo\Core">
      <UniqueIdentifier>{8D356746-F9EA-DF3B-82DF-D912EE93D63F}</UniqueIdentifier>
    </Filter>
  </ItemGroup>
  <ItemGroup>
    <ClInclude Include="src\Bamboo.h" />
    <ClInclude Include="src\Bamboo\Core\Application.h">
      <Filter>Bamboo\Core</Filter>
    </ClInclude>
    <ClInclude Include="src\Bamboo\Core\Core.h">
      <Filter>Bamboo\Core</Filter>
    </ClInclude>
    <ClInclude Include="src\Bamboo\Core\Log.h">
      <Filter>Bamboo\Core</Filter>
    </ClInclude>
    <ClInclude Include="src\Bamboo\EntryPoint.h">
      <Filter>Bamboo</Filter>
    </ClInclude>
  </ItemGroup>
  <ItemGroup>
    <ClCompile Include="src\Bamboo\Core\Application.cpp">
      <Filter>Bamboo\Core</Filter>
    </ClCompile>
    <ClCompile Include="src\Bamboo\Core\Core.cpp">
      <Filter>Bamboo\Core</Filter>
    </ClCompile>
    <ClCompile Include="src\Bamboo\Core\Log.cpp">
      <Filter>Bamboo\Core</Filter>
    </ClCompile>
  </ItemGroup>
</Project>